{
	"name": "@ezs/conditor",
	"version": "1.9.18",
	"lockfileVersion": 1,
	"requires": true,
	"dependencies": {
		"csv-string": {
			"version": "4.0.1",
			"resolved": "https://registry.npmjs.org/csv-string/-/csv-string-4.0.1.tgz",
			"integrity": "sha512-nCdK+EWDbqLvZ2MmVQhHTmidMEsHbK3ncgTJb4oguNRpkmH5OOr+KkDRB4nqsVrJ7oK0AdO1QEsBp0+z7KBtGQ=="
		},
		"dotenv": {
			"version": "8.2.0",
			"resolved": "https://registry.npmjs.org/dotenv/-/dotenv-8.2.0.tgz",
			"integrity": "sha512-8sJ78ElpbDJBHNeBzUbUVLsqKdccaa/BXF1uPTw3GrvQTBgrQrtObr2mUrE38vzYd8cEv+m/JBfDLioYcfXoaw=="
		},
		"fast-xml-parser": {
			"version": "3.18.0",
			"resolved": "https://registry.npmjs.org/fast-xml-parser/-/fast-xml-parser-3.18.0.tgz",
			"integrity": "sha512-tRrwShhppv0K5GKEtuVs92W0VGDaVltZAwtHbpjNF+JOT7cjIFySBGTEOmdBslXYyWYaZwEX/g4Su8ZeKg0LKQ=="
		},
		"fetch-with-proxy": {
			"version": "3.0.1",
			"resolved": "https://registry.npmjs.org/fetch-with-proxy/-/fetch-with-proxy-3.0.1.tgz",
			"integrity": "sha512-8C5JZ+Ea2eTOkFuQhB252QPgEc68LS7+8uNrFbYFs7t114Bgdj7hiYmtwkHhmN8TvafGVRbspMMD/Rg/tw0RwA==",
			"requires": {
				"node-abort-controller": "^1.1.0",
				"node-fetch": "^2.6.1",
				"proxy-from-env": "^1.1.0",
				"tunnel-agent": "^0.6.0"
			}
		},
		"isomorphic-fetch": {
			"version": "3.0.0",
			"resolved": "https://registry.npmjs.org/isomorphic-fetch/-/isomorphic-fetch-3.0.0.tgz",
			"integrity": "sha512-qvUtwJ3j6qwsF3jLxkZ72qCgjMysPzDfeV240JHiGZsANBYd+EEuu35v7dfrJ9Up0Ak07D7GGSkGhCHTqg/5wA==",
			"requires": {
				"node-fetch": "^2.6.1",
				"whatwg-fetch": "^3.4.1"
			}
		},
		"node-abort-controller": {
			"version": "1.1.0",
			"resolved": "https://registry.npmjs.org/node-abort-controller/-/node-abort-controller-1.1.0.tgz",
			"integrity": "sha512-dEYmUqjtbivotqjraOe8UvhT/poFfog1BQRNsZm/MSEDDESk2cQ1tvD8kGyuN07TM/zoW+n42odL8zTeJupYdQ=="
		},
		"node-fetch": {
			"version": "2.6.1",
			"resolved": "https://registry.npmjs.org/node-fetch/-/node-fetch-2.6.1.tgz",
			"integrity": "sha512-V4aYg89jEoVRxRb2fJdAg8FHvI7cEyYdVAh94HH0UIK8oJxUfkjlDQN9RbMx+bEjP7+ggMiFRprSti032Oipxw=="
		},
		"progress": {
			"version": "2.0.3",
			"resolved": "https://registry.npmjs.org/progress/-/progress-2.0.3.tgz",
			"integrity": "sha512-7PiHtLll5LdnKIMw100I+8xJXR5gW2QwWYkT6iJva0bXitZKa/XMrSbdmg3r2Xnaidz9Qumd0VPaMrZlF9V9sA=="
		},
		"proxy-from-env": {
			"version": "1.1.0",
			"resolved": "https://registry.npmjs.org/proxy-from-env/-/proxy-from-env-1.1.0.tgz",
			"integrity": "sha512-D+zkORCbA9f1tdWRK0RaCR3GPv50cMxcrz4X8k5LTSUD1Dkw47mKJEZQNunItRTkWwgtaUSo1RVFRIG9ZXiFYg=="
		},
		"qs": {
			"version": "6.9.6",
			"resolved": "https://registry.npmjs.org/qs/-/qs-6.9.6.tgz",
			"integrity": "sha512-TIRk4aqYLNoJUbd+g2lEdz5kLWIuTMRagAXxl78Q0RiVjAOugHmeKNGdd3cwo/ktpf9aL9epCfFqWDEKysUlLQ=="
		},
		"ramda": {
			"version": "0.27.1",
			"resolved": "https://registry.npmjs.org/ramda/-/ramda-0.27.1.tgz",
			"integrity": "sha512-PgIdVpn5y5Yns8vqb8FzBUEYn98V3xcPgawAkkgj0YJ0qDsnHCiNmZYfOGMgOvoB0eWFLpYbhxUR3mxfDIMvpw=="
		},
		"safe-buffer": {
			"version": "5.2.1",
			"resolved": "https://registry.npmjs.org/safe-buffer/-/safe-buffer-5.2.1.tgz",
			"integrity": "sha512-rp3So07KcdmmKbGvgaNxQSJr7bGVSVk5S9Eq1F+ppbRo70+YeaDxkw5Dd8NPN+GD6bjnYm2VuPuCXmpuYvmCXQ=="
		},
		"tunnel-agent": {
			"version": "0.6.0",
			"resolved": "https://registry.npmjs.org/tunnel-agent/-/tunnel-agent-0.6.0.tgz",
			"integrity": "sha1-J6XeoGs2sEoKmWZ3SykIaPD8QP0=",
			"requires": {
				"safe-buffer": "^5.0.1"
			}
		},
		"unidecode": {
			"version": "0.1.8",
			"resolved": "https://registry.npmjs.org/unidecode/-/unidecode-0.1.8.tgz",
			"integrity": "sha1-77swFTi8RSRqmsjFWdcvAVMFBT4="
		},
		"whatwg-fetch": {
			"version": "3.6.2",
			"resolved": "https://registry.npmjs.org/whatwg-fetch/-/whatwg-fetch-3.6.2.tgz",
			"integrity": "sha512-bJlen0FcuU/0EMLrdbJ7zOnW6ITZLrZMIarMUVmdKtsGvZna8vxKYaexICWPfZ8qwf9fzNq+UEIZrnSaApt6RA=="
		}
	}
}
