{
  "name": "@ezs/core",
  "version": "1.7.0",
  "lockfileVersion": 1,
  "requires": true,
  "dependencies": {
    "node-object-hash": {
      "version": "1.4.2",
      "resolved": "https://registry.npmjs.org/node-object-hash/-/node-object-hash-1.4.2.tgz",
      "integrity": "sha512-UdS4swXs85fCGWWf6t6DMGgpN/vnlKeSGEQ7hJcrs7PBFoxoKLmibc3QRb7fwiYsjdL7PX8iI/TMSlZ90dgHhQ=="
    }
  }
}
