{
  "name": "@ezs/strings",
  "version": "1.0.2",
  "lockfileVersion": 1,
  "requires": true,
  "dependencies": {
    "inflection": {
      "version": "2.0.1",
      "resolved": "https://registry.npmjs.org/inflection/-/inflection-2.0.1.tgz",
      "integrity": "sha512-wzkZHqpb4eGrOKBl34xy3umnYHx8Si5R1U4fwmdxLo5gdH6mEK8gclckTj/qWqy4Je0bsDYe/qazZYuO7xe3XQ=="
    },
    "lodash.get": {
      "version": "4.4.2",
      "resolved": "https://registry.npmjs.org/lodash.get/-/lodash.get-4.4.2.tgz",
      "integrity": "sha512-z+Uw/vLuy6gQe8cfaFWD7p0wVv8fJl3mbzXh33RS+0oW2wvUqiRXiQ69gLWSLpgB5/6sU+r6BlQR0MBILadqTQ=="
    },
    "lodash.set": {
      "version": "4.3.2",
      "resolved": "https://registry.npmjs.org/lodash.set/-/lodash.set-4.3.2.tgz",
      "integrity": "sha512-4hNPN5jlm/N/HLMCO43v8BXKq9Z7QdAGc/VGrRD61w8gN9g/6jF9A4L1pbUgBLCffi0w9VsXfTOij5x8iTyFvg=="
    }
  }
}
